
Microsoft Visual Studio Solution File, Format Version 12.00
# Visual Studio 15
VisualStudioVersion = 15.0.28010.2036
MinimumVisualStudioVersion = 10.0.40219.1
Project("{9A19103F-16F7-4668-BE54-9A1E7A4F7556}") = "SpaceGeek", "SpaceGeek\SpaceGeek.csproj", "{C6C44398-366F-46BB-BC97-D97503CBDDBC}"
EndProject
Global
	GlobalSection(SolutionConfigurationPlatforms) = preSolution
		Debug|Any CPU = Debug|Any CPU
		Release|Any CPU = Release|Any CPU
	EndGlobalSection
	GlobalSection(ProjectConfigurationPlatforms) = postSolution
		{C6C44398-366F-46BB-BC97-D97503CBDDBC}.Debug|Any CPU.ActiveCfg = Debug|Any CPU
		{C6C44398-366F-46BB-BC97-D97503CBDDBC}.Debug|Any CPU.Build.0 = Debug|Any CPU
		{C6C44398-366F-46BB-BC97-D97503CBDDBC}.Release|Any CPU.ActiveCfg = Release|Any CPU
		{C6C44398-366F-46BB-BC97-D97503CBDDBC}.Release|Any CPU.Build.0 = Release|Any CPU
	EndGlobalSection
	GlobalSection(SolutionProperties) = preSolution
		HideSolutionNode = FALSE
	EndGlobalSection
	GlobalSection(ExtensibilityGlobals) = postSolution
		SolutionGuid = {BDC0F642-75CC-4D49-A3C0-58735DD28612}
	EndGlobalSection
EndGlobal
